
Microsoft Visual Studio Solution File, Format Version 12.00
# Visual Studio Version 17
VisualStudioVersion = 17.7.34031.279
MinimumVisualStudioVersion = 10.0.40219.1
Project("{FAE04EC0-301F-11D3-BF4B-00C04F79EFBC}") = "Number Plates Recognition", "Number Plates Recognition\Number Plates Recognition.csproj", "{C2D60206-7D33-4191-977A-FE10DC414382}"
EndProject
Project("{FAE04EC0-301F-11D3-BF4B-00C04F79EFBC}") = "Tests", "Tests\Tests.csproj", "{E76AD2AC-D4E1-44C1-84E8-F2885809EA52}"
EndProject
Global
	GlobalSection(SolutionConfigurationPlatforms) = preSolution
		Debug|Any CPU = Debug|Any CPU
		Release|Any CPU = Release|Any CPU
	EndGlobalSection
	GlobalSection(ProjectConfigurationPlatforms) = postSolution
		{C2D60206-7D33-4191-977A-FE10DC414382}.Debug|Any CPU.ActiveCfg = Debug|Any CPU
		{C2D60206-7D33-4191-977A-FE10DC414382}.Debug|Any CPU.Build.0 = Debug|Any CPU
		{C2D60206-7D33-4191-977A-FE10DC414382}.Release|Any CPU.ActiveCfg = Release|Any CPU
		{C2D60206-7D33-4191-977A-FE10DC414382}.Release|Any CPU.Build.0 = Release|Any CPU
		{E76AD2AC-D4E1-44C1-84E8-F2885809EA52}.Debug|Any CPU.ActiveCfg = Debug|Any CPU
		{E76AD2AC-D4E1-44C1-84E8-F2885809EA52}.Debug|Any CPU.Build.0 = Debug|Any CPU
		{E76AD2AC-D4E1-44C1-84E8-F2885809EA52}.Release|Any CPU.ActiveCfg = Release|Any CPU
		{E76AD2AC-D4E1-44C1-84E8-F2885809EA52}.Release|Any CPU.Build.0 = Release|Any CPU
	EndGlobalSection
	GlobalSection(SolutionProperties) = preSolution
		HideSolutionNode = FALSE
	EndGlobalSection
	GlobalSection(ExtensibilityGlobals) = postSolution
		SolutionGuid = {A85B6518-E26C-4AAF-914D-0D0FB82533D7}
	EndGlobalSection
EndGlobal
